Microsoft Visual Studio Solution File, Format Version 12.00
# Visual Studio 14
VisualStudioVersion = 14.0.25420.1
MinimumVisualStudioVersion = 10.0.40219.1
Project("{FAE04EC0-301F-11D3-BF4B-00C04F79EFBC}") = "EditorSuite", "EditorWinForms\EditorSuite.csproj", "{0DBB11C3-4476-4513-BCA0-FC76D7D5EAAB}"
EndProject
Project("{8BC9CEB8-8B4A-11D0-8D11-00A0C91BC942}") = "Backend", "Backend\Backend.vcxproj", "{F39EFA05-9471-47B3-B284-E45E3D6C9722}"
EndProject
Project("{FAE04EC0-301F-11D3-BF4B-00C04F79EFBC}") = "BindingGenerator", "BindingGenerator\BindingGenerator.csproj", "{ECBD69CB-980D-4C02-A412-11FADB63018E}"
EndProject
Project("{FAE04EC0-301F-11D3-BF4B-00C04F79EFBC}") = "LocalizationBuilder", "LocalizationBuilder\LocalizationBuilder.csproj", "{191A0D8C-66C0-4F7D-A571-850CE6AF9DE8}"
EndProject
Project("{FAE04EC0-301F-11D3-BF4B-00C04F79EFBC}") = "PluginLibrary", "PluginLibrary\PluginLibrary.csproj", "{101AB150-3CFD-4879-B2F5-5FD81607768E}"
EndProject
Project("{FAE04EC0-301F-11D3-BF4B-00C04F79EFBC}") = "FIImageLoader", "FIImageLoader\FIImageLoader.csproj", "{AE0E71CC-682B-4937-BB89-71E48E9BA3D8}"
EndProject
Project("{FAE04EC0-301F-11D3-BF4B-00C04F79EFBC}") = "EditorCore", "EditorCore\EditorCore.csproj", "{843DE6B3-D771-4D8C-9FCC-1D59F0170270}"
EndProject
Project("{FAE04EC0-301F-11D3-BF4B-00C04F79EFBC}") = "MinLayer", "MinLayer\MinLayer.csproj", "{42B19E05-878B-4354-B304-92C05BE09194}"
EndProject
Project("{FAE04EC0-301F-11D3-BF4B-00C04F79EFBC}") = "BuildPrep", "BuildPrep\BuildPrep.csproj", "{E5348243-2120-4B39-8E20-F8E44F89D10C}"
EndProject
Project("{FAE04EC0-301F-11D3-BF4B-00C04F79EFBC}") = "UrhoInterop", "UrhoInterop\UrhoInterop.csproj", "{EE7B483D-F9BE-4235-8F0E-03549CA894E9}"
EndProject
Global
	GlobalSection(SolutionConfigurationPlatforms) = preSolution
		Debug|Any CPU = Debug|Any CPU
		Debug|Mixed Platforms = Debug|Mixed Platforms
		Debug|Win32 = Debug|Win32
		MinSizeRel|Any CPU = MinSizeRel|Any CPU
		MinSizeRel|Mixed Platforms = MinSizeRel|Mixed Platforms
		MinSizeRel|Win32 = MinSizeRel|Win32
		Release|Any CPU = Release|Any CPU
		Release|Mixed Platforms = Release|Mixed Platforms
		Release|Win32 = Release|Win32
		RelWithDebInfo|Any CPU = RelWithDebInfo|Any CPU
		RelWithDebInfo|Mixed Platforms = RelWithDebInfo|Mixed Platforms
		RelWithDebInfo|Win32 = RelWithDebInfo|Win32
	EndGlobalSection
	GlobalSection(ProjectConfigurationPlatforms) = postSolution
		{0DBB11C3-4476-4513-BCA0-FC76D7D5EAAB}.Debug|Any CPU.ActiveCfg = Debug|Any CPU
		{0DBB11C3-4476-4513-BCA0-FC76D7D5EAAB}.Debug|Any CPU.Build.0 = Debug|Any CPU
		{0DBB11C3-4476-4513-BCA0-FC76D7D5EAAB}.Debug|Mixed Platforms.ActiveCfg = Debug|Any CPU
		{0DBB11C3-4476-4513-BCA0-FC76D7D5EAAB}.Debug|Mixed Platforms.Build.0 = Debug|Any CPU
		{0DBB11C3-4476-4513-BCA0-FC76D7D5EAAB}.Debug|Win32.ActiveCfg = Debug|Any CPU
		{0DBB11C3-4476-4513-BCA0-FC76D7D5EAAB}.MinSizeRel|Any CPU.ActiveCfg = Release|Any CPU
		{0DBB11C3-4476-4513-BCA0-FC76D7D5EAAB}.MinSizeRel|Any CPU.Build.0 = Release|Any CPU
		{0DBB11C3-4476-4513-BCA0-FC76D7D5EAAB}.MinSizeRel|Mixed Platforms.ActiveCfg = Release|Any CPU
		{0DBB11C3-4476-4513-BCA0-FC76D7D5EAAB}.MinSizeRel|Mixed Platforms.Build.0 = Release|Any CPU
		{0DBB11C3-4476-4513-BCA0-FC76D7D5EAAB}.MinSizeRel|Win32.ActiveCfg = Release|Any CPU
		{0DBB11C3-4476-4513-BCA0-FC76D7D5EAAB}.Release|Any CPU.ActiveCfg = Release|Any CPU
		{0DBB11C3-4476-4513-BCA0-FC76D7D5EAAB}.Release|Any CPU.Build.0 = Release|Any CPU
		{0DBB11C3-4476-4513-BCA0-FC76D7D5EAAB}.Release|Mixed Platforms.ActiveCfg = Release|Any CPU
		{0DBB11C3-4476-4513-BCA0-FC76D7D5EAAB}.Release|Mixed Platforms.Build.0 = Release|Any CPU
		{0DBB11C3-4476-4513-BCA0-FC76D7D5EAAB}.Release|Win32.ActiveCfg = Release|Any CPU
		{0DBB11C3-4476-4513-BCA0-FC76D7D5EAAB}.RelWithDebInfo|Any CPU.ActiveCfg = Release|Any CPU
		{0DBB11C3-4476-4513-BCA0-FC76D7D5EAAB}.RelWithDebInfo|Any CPU.Build.0 = Release|Any CPU
		{0DBB11C3-4476-4513-BCA0-FC76D7D5EAAB}.RelWithDebInfo|Mixed Platforms.ActiveCfg = Release|Any CPU
		{0DBB11C3-4476-4513-BCA0-FC76D7D5EAAB}.RelWithDebInfo|Mixed Platforms.Build.0 = Release|Any CPU
		{0DBB11C3-4476-4513-BCA0-FC76D7D5EAAB}.RelWithDebInfo|Win32.ActiveCfg = Release|Any CPU
		{F39EFA05-9471-47B3-B284-E45E3D6C9722}.Debug|Any CPU.ActiveCfg = Debug|Win32
		{F39EFA05-9471-47B3-B284-E45E3D6C9722}.Debug|Mixed Platforms.ActiveCfg = Debug|Win32
		{F39EFA05-9471-47B3-B284-E45E3D6C9722}.Debug|Mixed Platforms.Build.0 = Debug|Win32
		{F39EFA05-9471-47B3-B284-E45E3D6C9722}.Debug|Win32.ActiveCfg = Debug|Win32
		{F39EFA05-9471-47B3-B284-E45E3D6C9722}.Debug|Win32.Build.0 = Debug|Win32
		{F39EFA05-9471-47B3-B284-E45E3D6C9722}.MinSizeRel|Any CPU.ActiveCfg = Release|Win32
		{F39EFA05-9471-47B3-B284-E45E3D6C9722}.MinSizeRel|Mixed Platforms.ActiveCfg = Release|Win32
		{F39EFA05-9471-47B3-B284-E45E3D6C9722}.MinSizeRel|Mixed Platforms.Build.0 = Release|Win32
		{F39EFA05-9471-47B3-B284-E45E3D6C9722}.MinSizeRel|Win32.ActiveCfg = Release|Win32
		{F39EFA05-9471-47B3-B284-E45E3D6C9722}.MinSizeRel|Win32.Build.0 = Release|Win32
		{F39EFA05-9471-47B3-B284-E45E3D6C9722}.Release|Any CPU.ActiveCfg = Release|Win32
		{F39EFA05-9471-47B3-B284-E45E3D6C9722}.Release|Mixed Platforms.ActiveCfg = Release|Win32
		{F39EFA05-9471-47B3-B284-E45E3D6C9722}.Release|Mixed Platforms.Build.0 = Release|Win32
		{F39EFA05-9471-47B3-B284-E45E3D6C9722}.Release|Win32.ActiveCfg = Release|Win32
		{F39EFA05-9471-47B3-B284-E45E3D6C9722}.Release|Win32.Build.0 = Release|Win32
		{F39EFA05-9471-47B3-B284-E45E3D6C9722}.RelWithDebInfo|Any CPU.ActiveCfg = Release|Win32
		{F39EFA05-9471-47B3-B284-E45E3D6C9722}.RelWithDebInfo|Mixed Platforms.ActiveCfg = Release|Win32
		{F39EFA05-9471-47B3-B284-E45E3D6C9722}.RelWithDebInfo|Mixed Platforms.Build.0 = Release|Win32
		{F39EFA05-9471-47B3-B284-E45E3D6C9722}.RelWithDebInfo|Win32.ActiveCfg = Release|Win32
		{F39EFA05-9471-47B3-B284-E45E3D6C9722}.RelWithDebInfo|Win32.Build.0 = Release|Win32
		{ECBD69CB-980D-4C02-A412-11FADB63018E}.Debug|Any CPU.ActiveCfg = Debug|Any CPU
		{ECBD69CB-980D-4C02-A412-11FADB63018E}.Debug|Any CPU.Build.0 = Debug|Any CPU
		{ECBD69CB-980D-4C02-A412-11FADB63018E}.Debug|Mixed Platforms.ActiveCfg = Debug|Any CPU
		{ECBD69CB-980D-4C02-A412-11FADB63018E}.Debug|Mixed Platforms.Build.0 = Debug|Any CPU
		{ECBD69CB-980D-4C02-A412-11FADB63018E}.Debug|Win32.ActiveCfg = Debug|Any CPU
		{ECBD69CB-980D-4C02-A412-11FADB63018E}.MinSizeRel|Any CPU.ActiveCfg = Release|Any CPU
		{ECBD69CB-980D-4C02-A412-11FADB63018E}.MinSizeRel|Any CPU.Build.0 = Release|Any CPU
		{ECBD69CB-980D-4C02-A412-11FADB63018E}.MinSizeRel|Mixed Platforms.ActiveCfg = Release|Any CPU
		{ECBD69CB-980D-4C02-A412-11FADB63018E}.MinSizeRel|Mixed Platforms.Build.0 = Release|Any CPU
		{ECBD69CB-980D-4C02-A412-11FADB63018E}.MinSizeRel|Win32.ActiveCfg = Release|Any CPU
		{ECBD69CB-980D-4C02-A412-11FADB63018E}.Release|Any CPU.ActiveCfg = Release|Any CPU
		{ECBD69CB-980D-4C02-A412-11FADB63018E}.Release|Any CPU.Build.0 = Release|Any CPU
		{ECBD69CB-980D-4C02-A412-11FADB63018E}.Release|Mixed Platforms.ActiveCfg = Release|Any CPU
		{ECBD69CB-980D-4C02-A412-11FADB63018E}.Release|Mixed Platforms.Build.0 = Release|Any CPU
		{ECBD69CB-980D-4C02-A412-11FADB63018E}.Release|Win32.ActiveCfg = Release|Any CPU
		{ECBD69CB-980D-4C02-A412-11FADB63018E}.RelWithDebInfo|Any CPU.ActiveCfg = Release|Any CPU
		{ECBD69CB-980D-4C02-A412-11FADB63018E}.RelWithDebInfo|Any CPU.Build.0 = Release|Any CPU
		{ECBD69CB-980D-4C02-A412-11FADB63018E}.RelWithDebInfo|Mixed Platforms.ActiveCfg = Release|Any CPU
		{ECBD69CB-980D-4C02-A412-11FADB63018E}.RelWithDebInfo|Mixed Platforms.Build.0 = Release|Any CPU
		{ECBD69CB-980D-4C02-A412-11FADB63018E}.RelWithDebInfo|Win32.ActiveCfg = Release|Any CPU
		{191A0D8C-66C0-4F7D-A571-850CE6AF9DE8}.Debug|Any CPU.ActiveCfg = Debug|Any CPU
		{191A0D8C-66C0-4F7D-A571-850CE6AF9DE8}.Debug|Any CPU.Build.0 = Debug|Any CPU
		{191A0D8C-66C0-4F7D-A571-850CE6AF9DE8}.Debug|Mixed Platforms.ActiveCfg = Debug|Any CPU
		{191A0D8C-66C0-4F7D-A571-850CE6AF9DE8}.Debug|Mixed Platforms.Build.0 = Debug|Any CPU
		{191A0D8C-66C0-4F7D-A571-850CE6AF9DE8}.Debug|Win32.ActiveCfg = Debug|Any CPU
		{191A0D8C-66C0-4F7D-A571-850CE6AF9DE8}.MinSizeRel|Any CPU.ActiveCfg = Release|Any CPU
		{191A0D8C-66C0-4F7D-A571-850CE6AF9DE8}.MinSizeRel|Any CPU.Build.0 = Release|Any CPU
		{191A0D8C-66C0-4F7D-A571-850CE6AF9DE8}.MinSizeRel|Mixed Platforms.ActiveCfg = Release|Any CPU
		{191A0D8C-66C0-4F7D-A571-850CE6AF9DE8}.MinSizeRel|Mixed Platforms.Build.0 = Release|Any CPU
		{191A0D8C-66C0-4F7D-A571-850CE6AF9DE8}.MinSizeRel|Win32.ActiveCfg = Release|Any CPU
		{191A0D8C-66C0-4F7D-A571-850CE6AF9DE8}.Release|Any CPU.ActiveCfg = Release|Any CPU
		{191A0D8C-66C0-4F7D-A571-850CE6AF9DE8}.Release|Any CPU.Build.0 = Release|Any CPU
		{191A0D8C-66C0-4F7D-A571-850CE6AF9DE8}.Release|Mixed Platforms.ActiveCfg = Release|Any CPU
		{191A0D8C-66C0-4F7D-A571-850CE6AF9DE8}.Release|Mixed Platforms.Build.0 = Release|Any CPU
		{191A0D8C-66C0-4F7D-A571-850CE6AF9DE8}.Release|Win32.ActiveCfg = Release|Any CPU
		{191A0D8C-66C0-4F7D-A571-850CE6AF9DE8}.RelWithDebInfo|Any CPU.ActiveCfg = Release|Any CPU
		{191A0D8C-66C0-4F7D-A571-850CE6AF9DE8}.RelWithDebInfo|Any CPU.Build.0 = Release|Any CPU
		{191A0D8C-66C0-4F7D-A571-850CE6AF9DE8}.RelWithDebInfo|Mixed Platforms.ActiveCfg = Release|Any CPU
		{191A0D8C-66C0-4F7D-A571-850CE6AF9DE8}.RelWithDebInfo|Mixed Platforms.Build.0 = Release|Any CPU
		{191A0D8C-66C0-4F7D-A571-850CE6AF9DE8}.RelWithDebInfo|Win32.ActiveCfg = Release|Any CPU
		{101AB150-3CFD-4879-B2F5-5FD81607768E}.Debug|Any CPU.ActiveCfg = Debug|Any CPU
		{101AB150-3CFD-4879-B2F5-5FD81607768E}.Debug|Any CPU.Build.0 = Debug|Any CPU
		{101AB150-3CFD-4879-B2F5-5FD81607768E}.Debug|Mixed Platforms.ActiveCfg = Debug|Any CPU
		{101AB150-3CFD-4879-B2F5-5FD81607768E}.Debug|Mixed Platforms.Build.0 = Debug|Any CPU
		{101AB150-3CFD-4879-B2F5-5FD81607768E}.Debug|Win32.ActiveCfg = Debug|Any CPU
		{101AB150-3CFD-4879-B2F5-5FD81607768E}.MinSizeRel|Any CPU.ActiveCfg = Release|Any CPU
		{101AB150-3CFD-4879-B2F5-5FD81607768E}.MinSizeRel|Any CPU.Build.0 = Release|Any CPU
		{101AB150-3CFD-4879-B2F5-5FD81607768E}.MinSizeRel|Mixed Platforms.ActiveCfg = Release|Any CPU
		{101AB150-3CFD-4879-B2F5-5FD81607768E}.MinSizeRel|Mixed Platforms.Build.0 = Release|Any CPU
		{101AB150-3CFD-4879-B2F5-5FD81607768E}.MinSizeRel|Win32.ActiveCfg = Release|Any CPU
		{101AB150-3CFD-4879-B2F5-5FD81607768E}.Release|Any CPU.ActiveCfg = Release|Any CPU
		{101AB150-3CFD-4879-B2F5-5FD81607768E}.Release|Any CPU.Build.0 = Release|Any CPU
		{101AB150-3CFD-4879-B2F5-5FD81607768E}.Release|Mixed Platforms.ActiveCfg = Release|Any CPU
		{101AB150-3CFD-4879-B2F5-5FD81607768E}.Release|Mixed Platforms.Build.0 = Release|Any CPU
		{101AB150-3CFD-4879-B2F5-5FD81607768E}.Release|Win32.ActiveCfg = Release|Any CPU
		{101AB150-3CFD-4879-B2F5-5FD81607768E}.RelWithDebInfo|Any CPU.ActiveCfg = Release|Any CPU
		{101AB150-3CFD-4879-B2F5-5FD81607768E}.RelWithDebInfo|Any CPU.Build.0 = Release|Any CPU
		{101AB150-3CFD-4879-B2F5-5FD81607768E}.RelWithDebInfo|Mixed Platforms.ActiveCfg = Release|Any CPU
		{101AB150-3CFD-4879-B2F5-5FD81607768E}.RelWithDebInfo|Mixed Platforms.Build.0 = Release|Any CPU
		{101AB150-3CFD-4879-B2F5-5FD81607768E}.RelWithDebInfo|Win32.ActiveCfg = Release|Any CPU
		{AE0E71CC-682B-4937-BB89-71E48E9BA3D8}.Debug|Any CPU.ActiveCfg = Debug|Any CPU
		{AE0E71CC-682B-4937-BB89-71E48E9BA3D8}.Debug|Any CPU.Build.0 = Debug|Any CPU
		{AE0E71CC-682B-4937-BB89-71E48E9BA3D8}.Debug|Mixed Platforms.ActiveCfg = Debug|Any CPU
		{AE0E71CC-682B-4937-BB89-71E48E9BA3D8}.Debug|Mixed Platforms.Build.0 = Debug|Any CPU
		{AE0E71CC-682B-4937-BB89-71E48E9BA3D8}.Debug|Win32.ActiveCfg = Debug|Any CPU
		{AE0E71CC-682B-4937-BB89-71E48E9BA3D8}.MinSizeRel|Any CPU.ActiveCfg = Release|Any CPU
		{AE0E71CC-682B-4937-BB89-71E48E9BA3D8}.MinSizeRel|Any CPU.Build.0 = Release|Any CPU
		{AE0E71CC-682B-4937-BB89-71E48E9BA3D8}.MinSizeRel|Mixed Platforms.ActiveCfg = Release|Any CPU
		{AE0E71CC-682B-4937-BB89-71E48E9BA3D8}.MinSizeRel|Mixed Platforms.Build.0 = Release|Any CPU
		{AE0E71CC-682B-4937-BB89-71E48E9BA3D8}.MinSizeRel|Win32.ActiveCfg = Release|Any CPU
		{AE0E71CC-682B-4937-BB89-71E48E9BA3D8}.Release|Any CPU.ActiveCfg = Release|Any CPU
		{AE0E71CC-682B-4937-BB89-71E48E9BA3D8}.Release|Any CPU.Build.0 = Release|Any CPU
		{AE0E71CC-682B-4937-BB89-71E48E9BA3D8}.Release|Mixed Platforms.ActiveCfg = Release|Any CPU
		{AE0E71CC-682B-4937-BB89-71E48E9BA3D8}.Release|Mixed Platforms.Build.0 = Release|Any CPU
		{AE0E71CC-682B-4937-BB89-71E48E9BA3D8}.Release|Win32.ActiveCfg = Release|Any CPU
		{AE0E71CC-682B-4937-BB89-71E48E9BA3D8}.RelWithDebInfo|Any CPU.ActiveCfg = Release|Any CPU
		{AE0E71CC-682B-4937-BB89-71E48E9BA3D8}.RelWithDebInfo|Any CPU.Build.0 = Release|Any CPU
		{AE0E71CC-682B-4937-BB89-71E48E9BA3D8}.RelWithDebInfo|Mixed Platforms.ActiveCfg = Release|Any CPU
		{AE0E71CC-682B-4937-BB89-71E48E9BA3D8}.RelWithDebInfo|Mixed Platforms.Build.0 = Release|Any CPU
		{AE0E71CC-682B-4937-BB89-71E48E9BA3D8}.RelWithDebInfo|Win32.ActiveCfg = Release|Any CPU
		{843DE6B3-D771-4D8C-9FCC-1D59F0170270}.Debug|Any CPU.ActiveCfg = Debug|Any CPU
		{843DE6B3-D771-4D8C-9FCC-1D59F0170270}.Debug|Any CPU.Build.0 = Debug|Any CPU
		{843DE6B3-D771-4D8C-9FCC-1D59F0170270}.Debug|Mixed Platforms.ActiveCfg = Debug|Any CPU
		{843DE6B3-D771-4D8C-9FCC-1D59F0170270}.Debug|Mixed Platforms.Build.0 = Debug|Any CPU
		{843DE6B3-D771-4D8C-9FCC-1D59F0170270}.Debug|Win32.ActiveCfg = Debug|Any CPU
		{843DE6B3-D771-4D8C-9FCC-1D59F0170270}.MinSizeRel|Any CPU.ActiveCfg = Release|Any CPU
		{843DE6B3-D771-4D8C-9FCC-1D59F0170270}.MinSizeRel|Any CPU.Build.0 = Release|Any CPU
		{843DE6B3-D771-4D8C-9FCC-1D59F0170270}.MinSizeRel|Mixed Platforms.ActiveCfg = Release|Any CPU
		{843DE6B3-D771-4D8C-9FCC-1D59F0170270}.MinSizeRel|Mixed Platforms.Build.0 = Release|Any CPU
		{843DE6B3-D771-4D8C-9FCC-1D59F0170270}.MinSizeRel|Win32.ActiveCfg = Release|Any CPU
		{843DE6B3-D771-4D8C-9FCC-1D59F0170270}.Release|Any CPU.ActiveCfg = Release|Any CPU
		{843DE6B3-D771-4D8C-9FCC-1D59F0170270}.Release|Any CPU.Build.0 = Release|Any CPU
		{843DE6B3-D771-4D8C-9FCC-1D59F0170270}.Release|Mixed Platforms.ActiveCfg = Release|Any CPU
		{843DE6B3-D771-4D8C-9FCC-1D59F0170270}.Release|Mixed Platforms.Build.0 = Release|Any CPU
		{843DE6B3-D771-4D8C-9FCC-1D59F0170270}.Release|Win32.ActiveCfg = Release|Any CPU
		{843DE6B3-D771-4D8C-9FCC-1D59F0170270}.RelWithDebInfo|Any CPU.ActiveCfg = Release|Any CPU
		{843DE6B3-D771-4D8C-9FCC-1D59F0170270}.RelWithDebInfo|Any CPU.Build.0 = Release|Any CPU
		{843DE6B3-D771-4D8C-9FCC-1D59F0170270}.RelWithDebInfo|Mixed Platforms.ActiveCfg = Release|Any CPU
		{843DE6B3-D771-4D8C-9FCC-1D59F0170270}.RelWithDebInfo|Mixed Platforms.Build.0 = Release|Any CPU
		{843DE6B3-D771-4D8C-9FCC-1D59F0170270}.RelWithDebInfo|Win32.ActiveCfg = Release|Any CPU
		{42B19E05-878B-4354-B304-92C05BE09194}.Debug|Any CPU.ActiveCfg = Debug|Any CPU
		{42B19E05-878B-4354-B304-92C05BE09194}.Debug|Any CPU.Build.0 = Debug|Any CPU
		{42B19E05-878B-4354-B304-92C05BE09194}.Debug|Mixed Platforms.ActiveCfg = Debug|Any CPU
		{42B19E05-878B-4354-B304-92C05BE09194}.Debug|Mixed Platforms.Build.0 = Debug|Any CPU
		{42B19E05-878B-4354-B304-92C05BE09194}.Debug|Win32.ActiveCfg = Debug|Any CPU
		{42B19E05-878B-4354-B304-92C05BE09194}.MinSizeRel|Any CPU.ActiveCfg = Release|Any CPU
		{42B19E05-878B-4354-B304-92C05BE09194}.MinSizeRel|Any CPU.Build.0 = Release|Any CPU
		{42B19E05-878B-4354-B304-92C05BE09194}.MinSizeRel|Mixed Platforms.ActiveCfg = Release|Any CPU
		{42B19E05-878B-4354-B304-92C05BE09194}.MinSizeRel|Mixed Platforms.Build.0 = Release|Any CPU
		{42B19E05-878B-4354-B304-92C05BE09194}.MinSizeRel|Win32.ActiveCfg = Release|Any CPU
		{42B19E05-878B-4354-B304-92C05BE09194}.Release|Any CPU.ActiveCfg = Release|Any CPU
		{42B19E05-878B-4354-B304-92C05BE09194}.Release|Any CPU.Build.0 = Release|Any CPU
		{42B19E05-878B-4354-B304-92C05BE09194}.Release|Mixed Platforms.ActiveCfg = Release|Any CPU
		{42B19E05-878B-4354-B304-92C05BE09194}.Release|Mixed Platforms.Build.0 = Release|Any CPU
		{42B19E05-878B-4354-B304-92C05BE09194}.Release|Win32.ActiveCfg = Release|Any CPU
		{42B19E05-878B-4354-B304-92C05BE09194}.RelWithDebInfo|Any CPU.ActiveCfg = Release|Any CPU
		{42B19E05-878B-4354-B304-92C05BE09194}.RelWithDebInfo|Any CPU.Build.0 = Release|Any CPU
		{42B19E05-878B-4354-B304-92C05BE09194}.RelWithDebInfo|Mixed Platforms.ActiveCfg = Release|Any CPU
		{42B19E05-878B-4354-B304-92C05BE09194}.RelWithDebInfo|Mixed Platforms.Build.0 = Release|Any CPU
		{42B19E05-878B-4354-B304-92C05BE09194}.RelWithDebInfo|Win32.ActiveCfg = Release|Any CPU
		{E5348243-2120-4B39-8E20-F8E44F89D10C}.Debug|Any CPU.ActiveCfg = Debug|Any CPU
		{E5348243-2120-4B39-8E20-F8E44F89D10C}.Debug|Any CPU.Build.0 = Debug|Any CPU
		{E5348243-2120-4B39-8E20-F8E44F89D10C}.Debug|Mixed Platforms.ActiveCfg = Debug|Any CPU
		{E5348243-2120-4B39-8E20-F8E44F89D10C}.Debug|Mixed Platforms.Build.0 = Debug|Any CPU
		{E5348243-2120-4B39-8E20-F8E44F89D10C}.Debug|Win32.ActiveCfg = Debug|Any CPU
		{E5348243-2120-4B39-8E20-F8E44F89D10C}.MinSizeRel|Any CPU.ActiveCfg = Release|Any CPU
		{E5348243-2120-4B39-8E20-F8E44F89D10C}.MinSizeRel|Any CPU.Build.0 = Release|Any CPU
		{E5348243-2120-4B39-8E20-F8E44F89D10C}.MinSizeRel|Mixed Platforms.ActiveCfg = Release|Any CPU
		{E5348243-2120-4B39-8E20-F8E44F89D10C}.MinSizeRel|Mixed Platforms.Build.0 = Release|Any CPU
		{E5348243-2120-4B39-8E20-F8E44F89D10C}.MinSizeRel|Win32.ActiveCfg = Release|Any CPU
		{E5348243-2120-4B39-8E20-F8E44F89D10C}.Release|Any CPU.ActiveCfg = Release|Any CPU
		{E5348243-2120-4B39-8E20-F8E44F89D10C}.Release|Any CPU.Build.0 = Release|Any CPU
		{E5348243-2120-4B39-8E20-F8E44F89D10C}.Release|Mixed Platforms.ActiveCfg = Release|Any CPU
		{E5348243-2120-4B39-8E20-F8E44F89D10C}.Release|Mixed Platforms.Build.0 = Release|Any CPU
		{E5348243-2120-4B39-8E20-F8E44F89D10C}.Release|Win32.ActiveCfg = Release|Any CPU
		{E5348243-2120-4B39-8E20-F8E44F89D10C}.RelWithDebInfo|Any CPU.ActiveCfg = Release|Any CPU
		{E5348243-2120-4B39-8E20-F8E44F89D10C}.RelWithDebInfo|Any CPU.Build.0 = Release|Any CPU
		{E5348243-2120-4B39-8E20-F8E44F89D10C}.RelWithDebInfo|Mixed Platforms.ActiveCfg = Release|Any CPU
		{E5348243-2120-4B39-8E20-F8E44F89D10C}.RelWithDebInfo|Mixed Platforms.Build.0 = Release|Any CPU
		{E5348243-2120-4B39-8E20-F8E44F89D10C}.RelWithDebInfo|Win32.ActiveCfg = Release|Any CPU
		{EE7B483D-F9BE-4235-8F0E-03549CA894E9}.Debug|Any CPU.ActiveCfg = Debug|Any CPU
		{EE7B483D-F9BE-4235-8F0E-03549CA894E9}.Debug|Any CPU.Build.0 = Debug|Any CPU
		{EE7B483D-F9BE-4235-8F0E-03549CA894E9}.Debug|Mixed Platforms.ActiveCfg = Debug|Any CPU
		{EE7B483D-F9BE-4235-8F0E-03549CA894E9}.Debug|Mixed Platforms.Build.0 = Debug|Any CPU
		{EE7B483D-F9BE-4235-8F0E-03549CA894E9}.Debug|Win32.ActiveCfg = Debug|Any CPU
		{EE7B483D-F9BE-4235-8F0E-03549CA894E9}.MinSizeRel|Any CPU.ActiveCfg = Release|Any CPU
		{EE7B483D-F9BE-4235-8F0E-03549CA894E9}.MinSizeRel|Any CPU.Build.0 = Release|Any CPU
		{EE7B483D-F9BE-4235-8F0E-03549CA894E9}.MinSizeRel|Mixed Platforms.ActiveCfg = Release|Any CPU
		{EE7B483D-F9BE-4235-8F0E-03549CA894E9}.MinSizeRel|Mixed Platforms.Build.0 = Release|Any CPU
		{EE7B483D-F9BE-4235-8F0E-03549CA894E9}.MinSizeRel|Win32.ActiveCfg = Release|Any CPU
		{EE7B483D-F9BE-4235-8F0E-03549CA894E9}.Release|Any CPU.ActiveCfg = Release|Any CPU
		{EE7B483D-F9BE-4235-8F0E-03549CA894E9}.Release|Any CPU.Build.0 = Release|Any CPU
		{EE7B483D-F9BE-4235-8F0E-03549CA894E9}.Release|Mixed Platforms.ActiveCfg = Release|Any CPU
		{EE7B483D-F9BE-4235-8F0E-03549CA894E9}.Release|Mixed Platforms.Build.0 = Release|Any CPU
		{EE7B483D-F9BE-4235-8F0E-03549CA894E9}.Release|Win32.ActiveCfg = Release|Any CPU
		{EE7B483D-F9BE-4235-8F0E-03549CA894E9}.RelWithDebInfo|Any CPU.ActiveCfg = Release|Any CPU
		{EE7B483D-F9BE-4235-8F0E-03549CA894E9}.RelWithDebInfo|Any CPU.Build.0 = Release|Any CPU
		{EE7B483D-F9BE-4235-8F0E-03549CA894E9}.RelWithDebInfo|Mixed Platforms.ActiveCfg = Release|Any CPU
		{EE7B483D-F9BE-4235-8F0E-03549CA894E9}.RelWithDebInfo|Mixed Platforms.Build.0 = Release|Any CPU
		{EE7B483D-F9BE-4235-8F0E-03549CA894E9}.RelWithDebInfo|Win32.ActiveCfg = Release|Any CPU
	EndGlobalSection
	GlobalSection(SolutionProperties) = preSolution
		HideSolutionNode = FALSE
	EndGlobalSection
EndGlobal
