<?xml version="1.0" encoding="utf-8"?>
<Project ToolsVersion="4.0" xmlns="http://schemas.microsoft.com/developer/msbuild/2003">
  <ItemGroup>
    <Filter Include="Source Files">
      <UniqueIdentifier>{4FC737F1-C7A5-4376-A066-2A32D752A2FF}</UniqueIdentifier>
      <Extensions>cpp;c;cc;cxx;def;odl;idl;hpj;bat;asm;asmx</Extensions>
    </Filter>
    <Filter Include="Header Files">
      <UniqueIdentifier>{93995380-89BD-4b04-88EB-625FBE52EBFB}</UniqueIdentifier>
      <Extensions>h;hh;hpp;hxx;hm;inl;inc;xsd</Extensions>
    </Filter>
    <Filter Include="Resource Files">
      <UniqueIdentifier>{67DA6AB6-F800-4c08-8B7A-83BB121AAD01}</UniqueIdentifier>
      <Extensions>rc;ico;cur;bmp;dlg;rc2;rct;bin;rgs;gif;jpg;jpeg;jpe;resx;tiff;tif;png;wav;mfcribbon-ms</Extensions>
    </Filter>
    <Filter Include="autogenerated">
      <UniqueIdentifier>{5f04740f-0a7f-48d7-8704-bd3cdc0e9534}</UniqueIdentifier>
    </Filter>
  </ItemGroup>
  <ItemGroup>
    <Text Include="ReadMe.txt" />
  </ItemGroup>
  <ItemGroup>
    <ClInclude Include="stdafx.h">
      <Filter>Header Files</Filter>
    </ClInclude>
    <ClInclude Include="targetver.h">
      <Filter>Header Files</Filter>
    </ClInclude>
    <ClInclude Include="Resource.h">
      <Filter>Header Files</Filter>
    </ClInclude>
    <ClInclude Include="Backend.h">
      <Filter>Header Files</Filter>
    </ClInclude>
    <ClInclude Include="UrControl.h">
      <Filter>Header Files</Filter>
    </ClInclude>
    <ClInclude Include="CallbackInterfaces.h">
      <Filter>Header Files</Filter>
    </ClInclude>
    <ClInclude Include="SceneWrappers.h">
      <Filter>Header Files</Filter>
    </ClInclude>
    <ClInclude Include="MathBind.h">
      <Filter>Header Files</Filter>
    </ClInclude>
    <ClInclude Include="ResourceRefWrapper.h">
      <Filter>Header Files</Filter>
    </ClInclude>
    <ClInclude Include="Attributes.h">
      <Filter>Header Files</Filter>
    </ClInclude>
    <ClInclude Include="ContextManager.h">
      <Filter>Header Files</Filter>
    </ClInclude>
    <ClInclude Include="Variant.h">
      <Filter>Header Files</Filter>
    </ClInclude>
    <ClInclude Include="StringHash.h">
      <Filter>Header Files</Filter>
    </ClInclude>
    <ClInclude Include="GraphicsResources.h">
      <Filter>Header Files</Filter>
    </ClInclude>
    <ClInclude Include="BufferWrapper.h">
      <Filter>Header Files</Filter>
    </ClInclude>
    <ClInclude Include="XML.h">
      <Filter>Header Files</Filter>
    </ClInclude>
    <ClInclude Include="Container.h">
      <Filter>Header Files</Filter>
    </ClInclude>
    <ClInclude Include="MaterialResource.h">
      <Filter>Header Files</Filter>
    </ClInclude>
    <ClInclude Include="autogenerated\ParticleEffect.h">
      <Filter>autogenerated</Filter>
    </ClInclude>
    <ClInclude Include="autogenerated\ColorFrame.h">
      <Filter>autogenerated</Filter>
    </ClInclude>
    <ClInclude Include="autogenerated\TextureFrame.h">
      <Filter>autogenerated</Filter>
    </ClInclude>
    <ClInclude Include="autogenerated\ValueAnimation.h">
      <Filter>autogenerated</Filter>
    </ClInclude>
    <ClInclude Include="autogenerated\ObjectAnimation.h">
      <Filter>autogenerated</Filter>
    </ClInclude>
    <ClInclude Include="autogenerated\Material.h">
      <Filter>autogenerated</Filter>
    </ClInclude>
    <ClInclude Include="UrhoUtil.h">
      <Filter>Header Files</Filter>
    </ClInclude>
    <ClInclude Include="autogenerated\VectorBuffer.h">
      <Filter>autogenerated</Filter>
    </ClInclude>
    <ClInclude Include="autogenerated\BoundingBox.h">
      <Filter>autogenerated</Filter>
    </ClInclude>
    <ClInclude Include="autogenerated\Polyhedron.h">
      <Filter>autogenerated</Filter>
    </ClInclude>
    <ClInclude Include="autogenerated\Sphere.h">
      <Filter>autogenerated</Filter>
    </ClInclude>
    <ClInclude Include="autogenerated\Frustum.h">
      <Filter>autogenerated</Filter>
    </ClInclude>
    <ClInclude Include="autogenerated\Graphics.h">
      <Filter>autogenerated</Filter>
    </ClInclude>
  </ItemGroup>
  <ItemGroup>
    <ClCompile Include="stdafx.cpp">
      <Filter>Source Files</Filter>
    </ClCompile>
    <ClCompile Include="Backend.cpp">
      <Filter>Source Files</Filter>
    </ClCompile>
    <ClCompile Include="UrControl.cpp">
      <Filter>Source Files</Filter>
    </ClCompile>
    <ClCompile Include="SceneWrappers.cpp">
      <Filter>Source Files</Filter>
    </ClCompile>
    <ClCompile Include="MathBind.cpp">
      <Filter>Source Files</Filter>
    </ClCompile>
    <ClCompile Include="ResourceRefWrapper.cpp">
      <Filter>Source Files</Filter>
    </ClCompile>
    <ClCompile Include="ContextManager.cpp">
      <Filter>Source Files</Filter>
    </ClCompile>
    <ClCompile Include="Variant.cpp">
      <Filter>Source Files</Filter>
    </ClCompile>
    <ClCompile Include="StringHash.cpp">
      <Filter>Source Files</Filter>
    </ClCompile>
    <ClCompile Include="GraphicsResources.cpp">
      <Filter>Source Files</Filter>
    </ClCompile>
    <ClCompile Include="BufferWrapper.cpp">
      <Filter>Source Files</Filter>
    </ClCompile>
    <ClCompile Include="XML.cpp">
      <Filter>Source Files</Filter>
    </ClCompile>
    <ClCompile Include="MaterialResource.cpp">
      <Filter>Source Files</Filter>
    </ClCompile>
    <ClCompile Include="autogenerated\ParticleEffect.cpp">
      <Filter>autogenerated</Filter>
    </ClCompile>
    <ClCompile Include="autogenerated\ColorFrame.cpp">
      <Filter>autogenerated</Filter>
    </ClCompile>
    <ClCompile Include="autogenerated\TextureFrame.cpp">
      <Filter>autogenerated</Filter>
    </ClCompile>
    <ClCompile Include="autogenerated\ValueAnimation.cpp">
      <Filter>autogenerated</Filter>
    </ClCompile>
    <ClCompile Include="autogenerated\ObjectAnimation.cpp">
      <Filter>autogenerated</Filter>
    </ClCompile>
    <ClCompile Include="autogenerated\Material.cpp">
      <Filter>autogenerated</Filter>
    </ClCompile>
    <ClCompile Include="UrhoUtil.cpp">
      <Filter>Source Files</Filter>
    </ClCompile>
    <ClCompile Include="autogenerated\VectorBuffer.cpp">
      <Filter>autogenerated</Filter>
    </ClCompile>
    <ClCompile Include="autogenerated\BoundingBox.cpp">
      <Filter>autogenerated</Filter>
    </ClCompile>
    <ClCompile Include="autogenerated\Polyhedron.cpp">
      <Filter>autogenerated</Filter>
    </ClCompile>
    <ClCompile Include="autogenerated\Sphere.cpp">
      <Filter>autogenerated</Filter>
    </ClCompile>
    <ClCompile Include="autogenerated\Frustum.cpp">
      <Filter>autogenerated</Filter>
    </ClCompile>
    <ClCompile Include="autogenerated\Graphics.cpp">
      <Filter>autogenerated</Filter>
    </ClCompile>
  </ItemGroup>
  <ItemGroup>
    <ResourceCompile Include="Backend.rc">
      <Filter>Resource Files</Filter>
    </ResourceCompile>
  </ItemGroup>
</Project>